
Microsoft Visual Studio Solution File, Format Version 12.00
# Visual Studio Version 17
VisualStudioVersion = 17.9.34701.34
MinimumVisualStudioVersion = 10.0.40219.1
Project("{FAE04EC0-301F-11D3-BF4B-00C04F79EFBC}") = "SkillProfiWebClient", "SkillProfiWebClient\SkillProfiWebClient.csproj", "{F6DBBE4D-FACA-4095-9BEF-03B48D3058EB}"
EndProject
Project("{9A19103F-16F7-4668-BE54-9A1E7A4F7556}") = "ModelLibrary", "..\..\Homework19\ModelLibrary\ModelLibrary.csproj", "{AFA99BDB-24E2-4282-AC4C-FC6586294A2E}"
EndProject
Global
	GlobalSection(SolutionConfigurationPlatforms) = preSolution
		Debug|Any CPU = Debug|Any CPU
		Release|Any CPU = Release|Any CPU
	EndGlobalSection
	GlobalSection(ProjectConfigurationPlatforms) = postSolution
		{F6DBBE4D-FACA-4095-9BEF-03B48D3058EB}.Debug|Any CPU.ActiveCfg = Debug|Any CPU
		{F6DBBE4D-FACA-4095-9BEF-03B48D3058EB}.Debug|Any CPU.Build.0 = Debug|Any CPU
		{F6DBBE4D-FACA-4095-9BEF-03B48D3058EB}.Release|Any CPU.ActiveCfg = Release|Any CPU
		{F6DBBE4D-FACA-4095-9BEF-03B48D3058EB}.Release|Any CPU.Build.0 = Release|Any CPU
		{AFA99BDB-24E2-4282-AC4C-FC6586294A2E}.Debug|Any CPU.ActiveCfg = Debug|Any CPU
		{AFA99BDB-24E2-4282-AC4C-FC6586294A2E}.Debug|Any CPU.Build.0 = Debug|Any CPU
		{AFA99BDB-24E2-4282-AC4C-FC6586294A2E}.Release|Any CPU.ActiveCfg = Release|Any CPU
		{AFA99BDB-24E2-4282-AC4C-FC6586294A2E}.Release|Any CPU.Build.0 = Release|Any CPU
	EndGlobalSection
	GlobalSection(SolutionProperties) = preSolution
		HideSolutionNode = FALSE
	EndGlobalSection
	GlobalSection(ExtensibilityGlobals) = postSolution
		SolutionGuid = {67FC9FF9-CE0B-4738-8571-724F24AFA0CF}
	EndGlobalSection
EndGlobal
